<?xml version="1.0" encoding="utf-8"?>
<Project ToolsVersion="4.0" xmlns="http://schemas.microsoft.com/developer/msbuild/2003">
  <ItemGroup>
    <ClCompile Include="1002.cpp" />
    <ClCompile Include="10039.cpp" />
    <ClCompile Include="1009.cpp" />
    <ClCompile Include="10101.cpp" />
    <ClCompile Include="10156.cpp" />
    <ClCompile Include="10162.cpp" />
    <ClCompile Include="1021.cpp" />
    <ClCompile Include="10250.cpp" />
    <ClCompile Include="1032.cpp" />
    <ClCompile Include="1037.cpp" />
    <ClCompile Include="1064.cpp" />
    <ClCompile Include="1065.cpp" />
    <ClCompile Include="1068.cpp" />
    <ClCompile Include="10699.cpp" />
    <ClCompile Include="10707.cpp" />
    <ClCompile Include="10757.cpp" />
    <ClCompile Include="1076.cpp" />
    <ClCompile Include="10768.cpp" />
    <ClCompile Include="10773.cpp" />
    <ClCompile Include="10797.cpp" />
    <ClCompile Include="10809.cpp" />
    <ClCompile Include="10814.cpp" />
    <ClCompile Include="10818.cpp" />
    <ClCompile Include="10828.cpp" />
    <ClCompile Include="10845.cpp" />
    <ClCompile Include="1085.cpp" />
    <ClCompile Include="10866.cpp" />
    <ClCompile Include="10870.cpp" />
    <ClCompile Include="10926.cpp" />
    <ClCompile Include="1094.cpp" />
    <ClCompile Include="10953.cpp" />
    <ClCompile Include="10989.cpp" />
    <ClCompile Include="11052.cpp" />
    <ClCompile Include="1110.cpp" />
    <ClCompile Include="11279.cpp" />
    <ClCompile Include="11286.cpp" />
    <ClCompile Include="1152.cpp" />
    <ClCompile Include="1157.cpp" />
    <ClCompile Include="1158.cpp" />
    <ClCompile Include="1159.cpp" />
    <ClCompile Include="11650.cpp" />
    <ClCompile Include="11651.cpp" />
    <ClCompile Include="11653.cpp" />
    <ClCompile Include="11654.cpp" />
    <ClCompile Include="11659.cpp" />
    <ClCompile Include="11659_1.cpp" />
    <ClCompile Include="11720.cpp" />
    <ClCompile Include="11729.cpp" />
    <ClCompile Include="1181.cpp" />
    <ClCompile Include="1181_1.cpp" />
    <ClCompile Include="11866.cpp" />
    <ClCompile Include="1193.cpp" />
    <ClCompile Include="11943.cpp" />
    <ClCompile Include="1212.cpp" />
    <ClCompile Include="1225.cpp" />
    <ClCompile Include="1236.cpp" />
    <ClCompile Include="1247.cpp" />
    <ClCompile Include="1267.cpp" />
    <ClCompile Include="1284.cpp" />
    <ClCompile Include="1292.cpp" />
    <ClCompile Include="1297.cpp" />
    <ClCompile Include="1308.cpp" />
    <ClCompile Include="1316.cpp" />
    <ClCompile Include="1380.cpp" />
    <ClCompile Include="1427.cpp" />
    <ClCompile Include="1434.cpp" />
    <ClCompile Include="14470.cpp" />
    <ClCompile Include="1475.cpp" />
    <ClCompile Include="1476.cpp" />
    <ClCompile Include="1547.cpp" />
    <ClCompile Include="15596.cpp" />
    <ClCompile Include="15680.cpp" />
    <ClCompile Include="1576.cpp" />
    <ClCompile Include="15873.cpp" />
    <ClCompile Include="1598.cpp" />
    <ClCompile Include="1703.cpp" />
    <ClCompile Include="1712.cpp" />
    <ClCompile Include="17478.cpp" />
    <ClCompile Include="18258.cpp" />
    <ClCompile Include="1920.cpp" />
    <ClCompile Include="1929.cpp" />
    <ClCompile Include="1966.cpp" />
    <ClCompile Include="1978.cpp" />
    <ClCompile Include="2010.cpp" />
    <ClCompile Include="20499.cpp" />
    <ClCompile Include="2083.cpp" />
    <ClCompile Include="2108.cpp" />
    <ClCompile Include="2164.cpp" />
    <ClCompile Include="2292.cpp" />
    <ClCompile Include="2355.cpp" />
    <ClCompile Include="23795.cpp" />
    <ClCompile Include="2420.cpp" />
    <ClCompile Include="2440.cpp" />
    <ClCompile Include="2442.cpp" />
    <ClCompile Include="2443.cpp" />
    <ClCompile Include="2445.cpp" />
    <ClCompile Include="2446.cpp" />
    <ClCompile Include="2447.cpp" />
    <ClCompile Include="2455.cpp" />
    <ClCompile Include="2460.cpp" />
    <ClCompile Include="2475.cpp" />
    <ClCompile Include="2476.cpp" />
    <ClCompile Include="2480.cpp" />
    <ClCompile Include="2490.cpp" />
    <ClCompile Include="2501.cpp" />
    <ClCompile Include="2522.cpp" />
    <ClCompile Include="2525.cpp" />
    <ClCompile Include="2530.cpp" />
    <ClCompile Include="2558.cpp" />
    <ClCompile Include="2576.cpp" />
    <ClCompile Include="2577.cpp" />
    <ClCompile Include="2581.cpp" />
    <ClCompile Include="2675.cpp" />
    <ClCompile Include="2743.cpp" />
    <ClCompile Include="2744.cpp" />
    <ClCompile Include="2747.cpp" />
    <ClCompile Include="2750.cpp" />
    <ClCompile Include="2752.cpp" />
    <ClCompile Include="2775.cpp" />
    <ClCompile Include="2839.cpp" />
    <ClCompile Include="2845.cpp" />
    <ClCompile Include="2869.cpp" />
    <ClCompile Include="2884.cpp" />
    <ClCompile Include="2908.cpp" />
    <ClCompile Include="2941.cpp" />
    <ClCompile Include="2985.cpp" />
    <ClCompile Include="3003.cpp" />
    <ClCompile Include="3004.cpp" />
    <ClCompile Include="3009.cpp" />
    <ClCompile Include="3034.cpp" />
    <ClCompile Include="3046.cpp" />
    <ClCompile Include="3052.cpp" />
    <ClCompile Include="4153.cpp" />
    <ClCompile Include="4299.cpp" />
    <ClCompile Include="4344.cpp" />
    <ClCompile Include="4673.cpp" />
    <ClCompile Include="5073.cpp" />
    <ClCompile Include="5086.cpp" />
    <ClCompile Include="5522.cpp" />
    <ClCompile Include="5532.cpp" />
    <ClCompile Include="5543.cpp" />
    <ClCompile Include="5554.cpp" />
    <ClCompile Include="5575.cpp" />
    <ClCompile Include="5596.cpp" />
    <ClCompile Include="5622.cpp" />
    <ClCompile Include="5635.cpp" />
    <ClCompile Include="5893.cpp" />
    <ClCompile Include="7287.cpp" />
    <ClCompile Include="8958.cpp" />
    <ClCompile Include="9012.cpp" />
    <ClCompile Include="9085.cpp" />
    <ClCompile Include="11931.cpp" />
    <ClCompile Include="3058.cpp" />
    <ClCompile Include="2506.cpp" />
  </ItemGroup>
</Project>