<?xml version="1.0" encoding="utf-8"?>
<Project ToolsVersion="4.0" xmlns="http://schemas.microsoft.com/developer/msbuild/2003">
  <ItemGroup>
    <Filter Include="소스 파일">
      <UniqueIdentifier>{4FC737F1-C7A5-4376-A066-2A32D752A2FF}</UniqueIdentifier>
      <Extensions>cpp;c;cc;cxx;c++;cppm;ixx;def;odl;idl;hpj;bat;asm;asmx</Extensions>
    </Filter>
    <Filter Include="헤더 파일">
      <UniqueIdentifier>{93995380-89BD-4b04-88EB-625FBE52EBFB}</UniqueIdentifier>
      <Extensions>h;hh;hpp;hxx;h++;hm;inl;inc;ipp;xsd</Extensions>
    </Filter>
    <Filter Include="리소스 파일">
      <UniqueIdentifier>{67DA6AB6-F800-4c08-8B7A-83BB121AAD01}</UniqueIdentifier>
      <Extensions>rc;ico;cur;bmp;dlg;rc2;rct;bin;rgs;gif;jpg;jpeg;jpe;resx;tiff;tif;png;wav;mfcribbon-ms</Extensions>
    </Filter>
  </ItemGroup>
  <ItemGroup>
    <ClCompile Include="25305.cpp">
      <Filter>소스 파일</Filter>
    </ClCompile>
    <ClCompile Include="25640.cpp">
      <Filter>소스 파일</Filter>
    </ClCompile>
    <ClCompile Include="25703.cpp">
      <Filter>소스 파일</Filter>
    </ClCompile>
    <ClCompile Include="1002.cpp">
      <Filter>소스 파일</Filter>
    </ClCompile>
    <ClCompile Include="1009.cpp">
      <Filter>소스 파일</Filter>
    </ClCompile>
    <ClCompile Include="1021.cpp">
      <Filter>소스 파일</Filter>
    </ClCompile>
    <ClCompile Include="1032.cpp">
      <Filter>소스 파일</Filter>
    </ClCompile>
    <ClCompile Include="1037.cpp">
      <Filter>소스 파일</Filter>
    </ClCompile>
    <ClCompile Include="1064.cpp">
      <Filter>소스 파일</Filter>
    </ClCompile>
    <ClCompile Include="1065.cpp">
      <Filter>소스 파일</Filter>
    </ClCompile>
    <ClCompile Include="1068.cpp">
      <Filter>소스 파일</Filter>
    </ClCompile>
    <ClCompile Include="1076.cpp">
      <Filter>소스 파일</Filter>
    </ClCompile>
    <ClCompile Include="1085.cpp">
      <Filter>소스 파일</Filter>
    </ClCompile>
    <ClCompile Include="1094.cpp">
      <Filter>소스 파일</Filter>
    </ClCompile>
    <ClCompile Include="1110.cpp">
      <Filter>소스 파일</Filter>
    </ClCompile>
    <ClCompile Include="1152.cpp">
      <Filter>소스 파일</Filter>
    </ClCompile>
    <ClCompile Include="1157.cpp">
      <Filter>소스 파일</Filter>
    </ClCompile>
    <ClCompile Include="1158.cpp">
      <Filter>소스 파일</Filter>
    </ClCompile>
    <ClCompile Include="1159.cpp">
      <Filter>소스 파일</Filter>
    </ClCompile>
    <ClCompile Include="1181.cpp">
      <Filter>소스 파일</Filter>
    </ClCompile>
    <ClCompile Include="1181_1.cpp">
      <Filter>소스 파일</Filter>
    </ClCompile>
    <ClCompile Include="1193.cpp">
      <Filter>소스 파일</Filter>
    </ClCompile>
    <ClCompile Include="1212.cpp">
      <Filter>소스 파일</Filter>
    </ClCompile>
    <ClCompile Include="1225.cpp">
      <Filter>소스 파일</Filter>
    </ClCompile>
    <ClCompile Include="1236.cpp">
      <Filter>소스 파일</Filter>
    </ClCompile>
    <ClCompile Include="1247.cpp">
      <Filter>소스 파일</Filter>
    </ClCompile>
    <ClCompile Include="1259.cpp">
      <Filter>소스 파일</Filter>
    </ClCompile>
    <ClCompile Include="1264.cpp">
      <Filter>소스 파일</Filter>
    </ClCompile>
    <ClCompile Include="1267.cpp">
      <Filter>소스 파일</Filter>
    </ClCompile>
    <ClCompile Include="1284.cpp">
      <Filter>소스 파일</Filter>
    </ClCompile>
    <ClCompile Include="1292.cpp">
      <Filter>소스 파일</Filter>
    </ClCompile>
    <ClCompile Include="1297.cpp">
      <Filter>소스 파일</Filter>
    </ClCompile>
    <ClCompile Include="1302.cpp">
      <Filter>소스 파일</Filter>
    </ClCompile>
    <ClCompile Include="1308.cpp">
      <Filter>소스 파일</Filter>
    </ClCompile>
    <ClCompile Include="1316.cpp">
      <Filter>소스 파일</Filter>
    </ClCompile>
    <ClCompile Include="1380.cpp">
      <Filter>소스 파일</Filter>
    </ClCompile>
    <ClCompile Include="1427.cpp">
      <Filter>소스 파일</Filter>
    </ClCompile>
    <ClCompile Include="1434.cpp">
      <Filter>소스 파일</Filter>
    </ClCompile>
    <ClCompile Include="1475.cpp">
      <Filter>소스 파일</Filter>
    </ClCompile>
    <ClCompile Include="1476.cpp">
      <Filter>소스 파일</Filter>
    </ClCompile>
    <ClCompile Include="1547.cpp">
      <Filter>소스 파일</Filter>
    </ClCompile>
    <ClCompile Include="1576.cpp">
      <Filter>소스 파일</Filter>
    </ClCompile>
    <ClCompile Include="1598.cpp">
      <Filter>소스 파일</Filter>
    </ClCompile>
    <ClCompile Include="1703.cpp">
      <Filter>소스 파일</Filter>
    </ClCompile>
    <ClCompile Include="1712.cpp">
      <Filter>소스 파일</Filter>
    </ClCompile>
    <ClCompile Include="1764.cpp">
      <Filter>소스 파일</Filter>
    </ClCompile>
    <ClCompile Include="1920.cpp">
      <Filter>소스 파일</Filter>
    </ClCompile>
    <ClCompile Include="1929.cpp">
      <Filter>소스 파일</Filter>
    </ClCompile>
    <ClCompile Include="1966.cpp">
      <Filter>소스 파일</Filter>
    </ClCompile>
    <ClCompile Include="1978.cpp">
      <Filter>소스 파일</Filter>
    </ClCompile>
    <ClCompile Include="2010.cpp">
      <Filter>소스 파일</Filter>
    </ClCompile>
    <ClCompile Include="2083.cpp">
      <Filter>소스 파일</Filter>
    </ClCompile>
    <ClCompile Include="2108.cpp">
      <Filter>소스 파일</Filter>
    </ClCompile>
    <ClCompile Include="2145.cpp">
      <Filter>소스 파일</Filter>
    </ClCompile>
    <ClCompile Include="2161.cpp">
      <Filter>소스 파일</Filter>
    </ClCompile>
    <ClCompile Include="2164.cpp">
      <Filter>소스 파일</Filter>
    </ClCompile>
    <ClCompile Include="2292.cpp">
      <Filter>소스 파일</Filter>
    </ClCompile>
    <ClCompile Include="2355.cpp">
      <Filter>소스 파일</Filter>
    </ClCompile>
    <ClCompile Include="2417.cpp">
      <Filter>소스 파일</Filter>
    </ClCompile>
    <ClCompile Include="2420.cpp">
      <Filter>소스 파일</Filter>
    </ClCompile>
    <ClCompile Include="2440.cpp">
      <Filter>소스 파일</Filter>
    </ClCompile>
    <ClCompile Include="2442.cpp">
      <Filter>소스 파일</Filter>
    </ClCompile>
    <ClCompile Include="2443.cpp">
      <Filter>소스 파일</Filter>
    </ClCompile>
    <ClCompile Include="2445.cpp">
      <Filter>소스 파일</Filter>
    </ClCompile>
    <ClCompile Include="2446.cpp">
      <Filter>소스 파일</Filter>
    </ClCompile>
    <ClCompile Include="2447.cpp">
      <Filter>소스 파일</Filter>
    </ClCompile>
    <ClCompile Include="2455.cpp">
      <Filter>소스 파일</Filter>
    </ClCompile>
    <ClCompile Include="2460.cpp">
      <Filter>소스 파일</Filter>
    </ClCompile>
    <ClCompile Include="2475.cpp">
      <Filter>소스 파일</Filter>
    </ClCompile>
    <ClCompile Include="2476.cpp">
      <Filter>소스 파일</Filter>
    </ClCompile>
    <ClCompile Include="2480.cpp">
      <Filter>소스 파일</Filter>
    </ClCompile>
    <ClCompile Include="2490.cpp">
      <Filter>소스 파일</Filter>
    </ClCompile>
    <ClCompile Include="2501.cpp">
      <Filter>소스 파일</Filter>
    </ClCompile>
    <ClCompile Include="2506.cpp">
      <Filter>소스 파일</Filter>
    </ClCompile>
    <ClCompile Include="2522.cpp">
      <Filter>소스 파일</Filter>
    </ClCompile>
    <ClCompile Include="2525.cpp">
      <Filter>소스 파일</Filter>
    </ClCompile>
    <ClCompile Include="2530.cpp">
      <Filter>소스 파일</Filter>
    </ClCompile>
    <ClCompile Include="2547.cpp">
      <Filter>소스 파일</Filter>
    </ClCompile>
    <ClCompile Include="2558.cpp">
      <Filter>소스 파일</Filter>
    </ClCompile>
    <ClCompile Include="2576.cpp">
      <Filter>소스 파일</Filter>
    </ClCompile>
    <ClCompile Include="2577.cpp">
      <Filter>소스 파일</Filter>
    </ClCompile>
    <ClCompile Include="2581.cpp">
      <Filter>소스 파일</Filter>
    </ClCompile>
    <ClCompile Include="2587.cpp">
      <Filter>소스 파일</Filter>
    </ClCompile>
    <ClCompile Include="2592.cpp">
      <Filter>소스 파일</Filter>
    </ClCompile>
    <ClCompile Include="2675.cpp">
      <Filter>소스 파일</Filter>
    </ClCompile>
    <ClCompile Include="2693.cpp">
      <Filter>소스 파일</Filter>
    </ClCompile>
    <ClCompile Include="2711.cpp">
      <Filter>소스 파일</Filter>
    </ClCompile>
    <ClCompile Include="2743.cpp">
      <Filter>소스 파일</Filter>
    </ClCompile>
    <ClCompile Include="2744.cpp">
      <Filter>소스 파일</Filter>
    </ClCompile>
    <ClCompile Include="2747.cpp">
      <Filter>소스 파일</Filter>
    </ClCompile>
    <ClCompile Include="2750.cpp">
      <Filter>소스 파일</Filter>
    </ClCompile>
    <ClCompile Include="2752.cpp">
      <Filter>소스 파일</Filter>
    </ClCompile>
    <ClCompile Include="2754.cpp">
      <Filter>소스 파일</Filter>
    </ClCompile>
    <ClCompile Include="2775.cpp">
      <Filter>소스 파일</Filter>
    </ClCompile>
    <ClCompile Include="2776.cpp">
      <Filter>소스 파일</Filter>
    </ClCompile>
    <ClCompile Include="2822.cpp">
      <Filter>소스 파일</Filter>
    </ClCompile>
    <ClCompile Include="2839.cpp">
      <Filter>소스 파일</Filter>
    </ClCompile>
    <ClCompile Include="2845.cpp">
      <Filter>소스 파일</Filter>
    </ClCompile>
    <ClCompile Include="2857.cpp">
      <Filter>소스 파일</Filter>
    </ClCompile>
    <ClCompile Include="2869.cpp">
      <Filter>소스 파일</Filter>
    </ClCompile>
    <ClCompile Include="2884.cpp">
      <Filter>소스 파일</Filter>
    </ClCompile>
    <ClCompile Include="2908.cpp">
      <Filter>소스 파일</Filter>
    </ClCompile>
    <ClCompile Include="2914.cpp">
      <Filter>소스 파일</Filter>
    </ClCompile>
    <ClCompile Include="2941.cpp">
      <Filter>소스 파일</Filter>
    </ClCompile>
    <ClCompile Include="2953.cpp">
      <Filter>소스 파일</Filter>
    </ClCompile>
    <ClCompile Include="2985.cpp">
      <Filter>소스 파일</Filter>
    </ClCompile>
    <ClCompile Include="3003.cpp">
      <Filter>소스 파일</Filter>
    </ClCompile>
    <ClCompile Include="3004.cpp">
      <Filter>소스 파일</Filter>
    </ClCompile>
    <ClCompile Include="3009.cpp">
      <Filter>소스 파일</Filter>
    </ClCompile>
    <ClCompile Include="3034.cpp">
      <Filter>소스 파일</Filter>
    </ClCompile>
    <ClCompile Include="3046.cpp">
      <Filter>소스 파일</Filter>
    </ClCompile>
    <ClCompile Include="3052.cpp">
      <Filter>소스 파일</Filter>
    </ClCompile>
    <ClCompile Include="3058.cpp">
      <Filter>소스 파일</Filter>
    </ClCompile>
    <ClCompile Include="3733.cpp">
      <Filter>소스 파일</Filter>
    </ClCompile>
    <ClCompile Include="4101.cpp">
      <Filter>소스 파일</Filter>
    </ClCompile>
    <ClCompile Include="4153.cpp">
      <Filter>소스 파일</Filter>
    </ClCompile>
    <ClCompile Include="4158.cpp">
      <Filter>소스 파일</Filter>
    </ClCompile>
    <ClCompile Include="4299.cpp">
      <Filter>소스 파일</Filter>
    </ClCompile>
    <ClCompile Include="4344.cpp">
      <Filter>소스 파일</Filter>
    </ClCompile>
    <ClCompile Include="4458.cpp">
      <Filter>소스 파일</Filter>
    </ClCompile>
    <ClCompile Include="4493.cpp">
      <Filter>소스 파일</Filter>
    </ClCompile>
    <ClCompile Include="4504.cpp">
      <Filter>소스 파일</Filter>
    </ClCompile>
    <ClCompile Include="4592.cpp">
      <Filter>소스 파일</Filter>
    </ClCompile>
    <ClCompile Include="4673.cpp">
      <Filter>소스 파일</Filter>
    </ClCompile>
    <ClCompile Include="4999.cpp">
      <Filter>소스 파일</Filter>
    </ClCompile>
    <ClCompile Include="5073.cpp">
      <Filter>소스 파일</Filter>
    </ClCompile>
    <ClCompile Include="5086.cpp">
      <Filter>소스 파일</Filter>
    </ClCompile>
    <ClCompile Include="5176.cpp">
      <Filter>소스 파일</Filter>
    </ClCompile>
    <ClCompile Include="5337.cpp">
      <Filter>소스 파일</Filter>
    </ClCompile>
    <ClCompile Include="5338.cpp">
      <Filter>소스 파일</Filter>
    </ClCompile>
    <ClCompile Include="5339.cpp">
      <Filter>소스 파일</Filter>
    </ClCompile>
    <ClCompile Include="5522.cpp">
      <Filter>소스 파일</Filter>
    </ClCompile>
    <ClCompile Include="5524.cpp">
      <Filter>소스 파일</Filter>
    </ClCompile>
    <ClCompile Include="5532.cpp">
      <Filter>소스 파일</Filter>
    </ClCompile>
    <ClCompile Include="5543.cpp">
      <Filter>소스 파일</Filter>
    </ClCompile>
    <ClCompile Include="5554.cpp">
      <Filter>소스 파일</Filter>
    </ClCompile>
    <ClCompile Include="5565.cpp">
      <Filter>소스 파일</Filter>
    </ClCompile>
    <ClCompile Include="5575.cpp">
      <Filter>소스 파일</Filter>
    </ClCompile>
    <ClCompile Include="5576.cpp">
      <Filter>소스 파일</Filter>
    </ClCompile>
    <ClCompile Include="5596.cpp">
      <Filter>소스 파일</Filter>
    </ClCompile>
    <ClCompile Include="5622.cpp">
      <Filter>소스 파일</Filter>
    </ClCompile>
    <ClCompile Include="5635.cpp">
      <Filter>소스 파일</Filter>
    </ClCompile>
    <ClCompile Include="5717.cpp">
      <Filter>소스 파일</Filter>
    </ClCompile>
    <ClCompile Include="5800.cpp">
      <Filter>소스 파일</Filter>
    </ClCompile>
    <ClCompile Include="5893.cpp">
      <Filter>소스 파일</Filter>
    </ClCompile>
    <ClCompile Include="5988.cpp">
      <Filter>소스 파일</Filter>
    </ClCompile>
    <ClCompile Include="6763.cpp">
      <Filter>소스 파일</Filter>
    </ClCompile>
    <ClCompile Include="7287.cpp">
      <Filter>소스 파일</Filter>
    </ClCompile>
    <ClCompile Include="7568.cpp">
      <Filter>소스 파일</Filter>
    </ClCompile>
    <ClCompile Include="8958.cpp">
      <Filter>소스 파일</Filter>
    </ClCompile>
    <ClCompile Include="9012.cpp">
      <Filter>소스 파일</Filter>
    </ClCompile>
    <ClCompile Include="9076.cpp">
      <Filter>소스 파일</Filter>
    </ClCompile>
    <ClCompile Include="9085.cpp">
      <Filter>소스 파일</Filter>
    </ClCompile>
    <ClCompile Include="9086.cpp">
      <Filter>소스 파일</Filter>
    </ClCompile>
    <ClCompile Include="9237.cpp">
      <Filter>소스 파일</Filter>
    </ClCompile>
    <ClCompile Include="9295.cpp">
      <Filter>소스 파일</Filter>
    </ClCompile>
    <ClCompile Include="9325.cpp">
      <Filter>소스 파일</Filter>
    </ClCompile>
    <ClCompile Include="9517.cpp">
      <Filter>소스 파일</Filter>
    </ClCompile>
    <ClCompile Include="9653.cpp">
      <Filter>소스 파일</Filter>
    </ClCompile>
    <ClCompile Include="9654.cpp">
      <Filter>소스 파일</Filter>
    </ClCompile>
    <ClCompile Include="10039.cpp">
      <Filter>소스 파일</Filter>
    </ClCompile>
    <ClCompile Include="10093.cpp">
      <Filter>소스 파일</Filter>
    </ClCompile>
    <ClCompile Include="10101.cpp">
      <Filter>소스 파일</Filter>
    </ClCompile>
    <ClCompile Include="10156.cpp">
      <Filter>소스 파일</Filter>
    </ClCompile>
    <ClCompile Include="10162.cpp">
      <Filter>소스 파일</Filter>
    </ClCompile>
    <ClCompile Include="10178.cpp">
      <Filter>소스 파일</Filter>
    </ClCompile>
    <ClCompile Include="10250.cpp">
      <Filter>소스 파일</Filter>
    </ClCompile>
    <ClCompile Include="10699.cpp">
      <Filter>소스 파일</Filter>
    </ClCompile>
    <ClCompile Include="10707.cpp">
      <Filter>소스 파일</Filter>
    </ClCompile>
    <ClCompile Include="10757.cpp">
      <Filter>소스 파일</Filter>
    </ClCompile>
    <ClCompile Include="10768.cpp">
      <Filter>소스 파일</Filter>
    </ClCompile>
    <ClCompile Include="10773.cpp">
      <Filter>소스 파일</Filter>
    </ClCompile>
    <ClCompile Include="10797.cpp">
      <Filter>소스 파일</Filter>
    </ClCompile>
    <ClCompile Include="10807.cpp">
      <Filter>소스 파일</Filter>
    </ClCompile>
    <ClCompile Include="10808.cpp">
      <Filter>소스 파일</Filter>
    </ClCompile>
    <ClCompile Include="10809.cpp">
      <Filter>소스 파일</Filter>
    </ClCompile>
    <ClCompile Include="10814.cpp">
      <Filter>소스 파일</Filter>
    </ClCompile>
    <ClCompile Include="10815.cpp">
      <Filter>소스 파일</Filter>
    </ClCompile>
    <ClCompile Include="10816.cpp">
      <Filter>소스 파일</Filter>
    </ClCompile>
    <ClCompile Include="10817.cpp">
      <Filter>소스 파일</Filter>
    </ClCompile>
    <ClCompile Include="10818.cpp">
      <Filter>소스 파일</Filter>
    </ClCompile>
    <ClCompile Include="10821.cpp">
      <Filter>소스 파일</Filter>
    </ClCompile>
    <ClCompile Include="10824.cpp">
      <Filter>소스 파일</Filter>
    </ClCompile>
    <ClCompile Include="10825.cpp">
      <Filter>소스 파일</Filter>
    </ClCompile>
    <ClCompile Include="10828.cpp">
      <Filter>소스 파일</Filter>
    </ClCompile>
    <ClCompile Include="10845.cpp">
      <Filter>소스 파일</Filter>
    </ClCompile>
    <ClCompile Include="10866.cpp">
      <Filter>소스 파일</Filter>
    </ClCompile>
    <ClCompile Include="10867.cpp">
      <Filter>소스 파일</Filter>
    </ClCompile>
    <ClCompile Include="10870.cpp">
      <Filter>소스 파일</Filter>
    </ClCompile>
    <ClCompile Include="10926.cpp">
      <Filter>소스 파일</Filter>
    </ClCompile>
    <ClCompile Include="10953.cpp">
      <Filter>소스 파일</Filter>
    </ClCompile>
    <ClCompile Include="10987.cpp">
      <Filter>소스 파일</Filter>
    </ClCompile>
    <ClCompile Include="10989.cpp">
      <Filter>소스 파일</Filter>
    </ClCompile>
    <ClCompile Include="10991.cpp">
      <Filter>소스 파일</Filter>
    </ClCompile>
    <ClCompile Include="11023.cpp">
      <Filter>소스 파일</Filter>
    </ClCompile>
    <ClCompile Include="11052.cpp">
      <Filter>소스 파일</Filter>
    </ClCompile>
    <ClCompile Include="11098.cpp">
      <Filter>소스 파일</Filter>
    </ClCompile>
    <ClCompile Include="11279.cpp">
      <Filter>소스 파일</Filter>
    </ClCompile>
    <ClCompile Include="11286.cpp">
      <Filter>소스 파일</Filter>
    </ClCompile>
    <ClCompile Include="11365.cpp">
      <Filter>소스 파일</Filter>
    </ClCompile>
    <ClCompile Include="11399.cpp">
      <Filter>소스 파일</Filter>
    </ClCompile>
    <ClCompile Include="11650.cpp">
      <Filter>소스 파일</Filter>
    </ClCompile>
    <ClCompile Include="11651.cpp">
      <Filter>소스 파일</Filter>
    </ClCompile>
    <ClCompile Include="11653.cpp">
      <Filter>소스 파일</Filter>
    </ClCompile>
    <ClCompile Include="11654.cpp">
      <Filter>소스 파일</Filter>
    </ClCompile>
    <ClCompile Include="11659.cpp">
      <Filter>소스 파일</Filter>
    </ClCompile>
    <ClCompile Include="11659_1.cpp">
      <Filter>소스 파일</Filter>
    </ClCompile>
    <ClCompile Include="11719.cpp">
      <Filter>소스 파일</Filter>
    </ClCompile>
    <ClCompile Include="11720.cpp">
      <Filter>소스 파일</Filter>
    </ClCompile>
    <ClCompile Include="11721.cpp">
      <Filter>소스 파일</Filter>
    </ClCompile>
    <ClCompile Include="11728.cpp">
      <Filter>소스 파일</Filter>
    </ClCompile>
    <ClCompile Include="11729.cpp">
      <Filter>소스 파일</Filter>
    </ClCompile>
    <ClCompile Include="11815.cpp">
      <Filter>소스 파일</Filter>
    </ClCompile>
    <ClCompile Include="11866.cpp">
      <Filter>소스 파일</Filter>
    </ClCompile>
    <ClCompile Include="11931.cpp">
      <Filter>소스 파일</Filter>
    </ClCompile>
    <ClCompile Include="11943.cpp">
      <Filter>소스 파일</Filter>
    </ClCompile>
    <ClCompile Include="11948.cpp">
      <Filter>소스 파일</Filter>
    </ClCompile>
    <ClCompile Include="14470.cpp">
      <Filter>소스 파일</Filter>
    </ClCompile>
    <ClCompile Include="14645.cpp">
      <Filter>소스 파일</Filter>
    </ClCompile>
    <ClCompile Include="15235.cpp">
      <Filter>소스 파일</Filter>
    </ClCompile>
    <ClCompile Include="15596.cpp">
      <Filter>소스 파일</Filter>
    </ClCompile>
    <ClCompile Include="15680.cpp">
      <Filter>소스 파일</Filter>
    </ClCompile>
    <ClCompile Include="15873.cpp">
      <Filter>소스 파일</Filter>
    </ClCompile>
    <ClCompile Include="16212.cpp">
      <Filter>소스 파일</Filter>
    </ClCompile>
    <ClCompile Include="17478.cpp">
      <Filter>소스 파일</Filter>
    </ClCompile>
    <ClCompile Include="18258.cpp">
      <Filter>소스 파일</Filter>
    </ClCompile>
    <ClCompile Include="20499.cpp">
      <Filter>소스 파일</Filter>
    </ClCompile>
    <ClCompile Include="23795.cpp">
      <Filter>소스 파일</Filter>
    </ClCompile>
    <ClCompile Include="24883.cpp">
      <Filter>소스 파일</Filter>
    </ClCompile>
    <ClCompile Include="25083.cpp">
      <Filter>소스 파일</Filter>
    </ClCompile>
    <ClCompile Include="25304.cpp">
      <Filter>소스 파일</Filter>
    </ClCompile>
    <ClCompile Include="11382.cpp">
      <Filter>소스 파일</Filter>
    </ClCompile>
    <ClCompile Include="4949.cpp">
      <Filter>소스 파일</Filter>
    </ClCompile>
    <ClCompile Include="16170.cpp">
      <Filter>소스 파일</Filter>
    </ClCompile>
    <ClCompile Include="16394.cpp">
      <Filter>소스 파일</Filter>
    </ClCompile>
    <ClCompile Include="1977.cpp">
      <Filter>소스 파일</Filter>
    </ClCompile>
    <ClCompile Include="2921.cpp">
      <Filter>소스 파일</Filter>
    </ClCompile>
    <ClCompile Include="10569.cpp">
      <Filter>소스 파일</Filter>
    </ClCompile>
    <ClCompile Include="14720.cpp">
      <Filter>소스 파일</Filter>
    </ClCompile>
    <ClCompile Include="17350.cpp">
      <Filter>소스 파일</Filter>
    </ClCompile>
    <ClCompile Include="5597.cpp">
      <Filter>소스 파일</Filter>
    </ClCompile>
    <ClCompile Include="2738.cpp">
      <Filter>소스 파일</Filter>
    </ClCompile>
    <ClCompile Include="2566.cpp">
      <Filter>소스 파일</Filter>
    </ClCompile>
    <ClCompile Include="2563.cpp">
      <Filter>소스 파일</Filter>
    </ClCompile>
    <ClCompile Include="2712.cpp">
      <Filter>소스 파일</Filter>
    </ClCompile>
    <ClCompile Include="15727.cpp">
      <Filter>소스 파일</Filter>
    </ClCompile>
    <ClCompile Include="2997.cpp">
      <Filter>소스 파일</Filter>
    </ClCompile>
  </ItemGroup>
</Project>